// !$*UTF8*$!
{
	archiveVersion = 1;
	classes = {
	};
	objectVersion = 46;
	objects = {

/* Begin PBXBuildFile section */
		201D218719C9265800B747CA /* Foundation.framework in Frameworks */ = {isa = PBXBuildFile; fileRef = 201D218619C9265800B747CA /* Foundation.framework */; };
		201D218919C9265900B747CA /* CoreGraphics.framework in Frameworks */ = {isa = PBXBuildFile; fileRef = 201D218819C9265900B747CA /* CoreGraphics.framework */; };
		201D218B19C9265900B747CA /* UIKit.framework in Frameworks */ = {isa = PBXBuildFile; fileRef = 201D218A19C9265900B747CA /* UIKit.framework */; };
		201D219119C9265900B747CA /* InfoPlist.strings in Resources */ = {isa = PBXBuildFile; fileRef = 201D218F19C9265900B747CA /* InfoPlist.strings */; };
		201D219319C9265900B747CA /* main.m in Sources */ = {isa = PBXBuildFile; fileRef = 201D219219C9265900B747CA /* main.m */; };
		201D219719C9265900B747CA /* HUAppDelegate.m in Sources */ = {isa = PBXBuildFile; fileRef = 201D219619C9265900B747CA /* HUAppDelegate.m */; };
		201D219919C9265900B747CA /* Images.xcassets in Resources */ = {isa = PBXBuildFile; fileRef = 201D219819C9265900B747CA /* Images.xcassets */; };
		201D21A019C9265900B747CA /* XCTest.framework in Frameworks */ = {isa = PBXBuildFile; fileRef = 201D219F19C9265900B747CA /* XCTest.framework */; };
		201D21A119C9265900B747CA /* Foundation.framework in Frameworks */ = {isa = PBXBuildFile; fileRef = 201D218619C9265800B747CA /* Foundation.framework */; };
		201D21A219C9265900B747CA /* UIKit.framework in Frameworks */ = {isa = PBXBuildFile; fileRef = 201D218A19C9265900B747CA /* UIKit.framework */; };
		201D21AA19C9265900B747CA /* InfoPlist.strings in Resources */ = {isa = PBXBuildFile; fileRef = 201D21A819C9265900B747CA /* InfoPlist.strings */; };
		201D21AC19C9265900B747CA /* SimplePrints_DemoTests.m in Sources */ = {isa = PBXBuildFile; fileRef = 201D21AB19C9265900B747CA /* SimplePrints_DemoTests.m */; };
/* End PBXBuildFile section */

/* Begin PBXContainerItemProxy section */
		201D21A319C9265900B747CA /* PBXContainerItemProxy */ = {
			isa = PBXContainerItemProxy;
			containerPortal = 201D217B19C9265800B747CA /* Project object */;
			proxyType = 1;
			remoteGlobalIDString = 201D218219C9265800B747CA;
			remoteInfo = "SimplePrints-Demo";
		};
/* End PBXContainerItemProxy section */

/* Begin PBXFileReference section */
		201D218319C9265800B747CA /* SimplePrints-Demo.app */ = {isa = PBXFileReference; explicitFileType = wrapper.application; includeInIndex = 0; path = "SimplePrints-Demo.app"; sourceTree = BUILT_PRODUCTS_DIR; };
		201D218619C9265800B747CA /* Foundation.framework */ = {isa = PBXFileReference; lastKnownFileType = wrapper.framework; name = Foundation.framework; path = System/Library/Frameworks/Foundation.framework; sourceTree = SDKROOT; };
		201D218819C9265900B747CA /* CoreGraphics.framework */ = {isa = PBXFileReference; lastKnownFileType = wrapper.framework; name = CoreGraphics.framework; path = System/Library/Frameworks/CoreGraphics.framework; sourceTree = SDKROOT; };
		201D218A19C9265900B747CA /* UIKit.framework */ = {isa = PBXFileReference; lastKnownFileType = wrapper.framework; name = UIKit.framework; path = System/Library/Frameworks/UIKit.framework; sourceTree = SDKROOT; };
		201D218E19C9265900B747CA /* SimplePrints-Demo-Info.plist */ = {isa = PBXFileReference; lastKnownFileType = text.plist.xml; path = "SimplePrints-Demo-Info.plist"; sourceTree = "<group>"; };
		201D219019C9265900B747CA /* en */ = {isa = PBXFileReference; lastKnownFileType = text.plist.strings; name = en; path = en.lproj/InfoPlist.strings; sourceTree = "<group>"; };
		201D219219C9265900B747CA /* main.m */ = {isa = PBXFileReference; lastKnownFileType = sourcecode.c.objc; path = main.m; sourceTree = "<group>"; };
		201D219419C9265900B747CA /* SimplePrints-Demo-Prefix.pch */ = {isa = PBXFileReference; lastKnownFileType = sourcecode.c.h; path = "SimplePrints-Demo-Prefix.pch"; sourceTree = "<group>"; };
		201D219519C9265900B747CA /* HUAppDelegate.h */ = {isa = PBXFileReference; lastKnownFileType = sourcecode.c.h; path = HUAppDelegate.h; sourceTree = "<group>"; };
		201D219619C9265900B747CA /* HUAppDelegate.m */ = {isa = PBXFileReference; lastKnownFileType = sourcecode.c.objc; path = HUAppDelegate.m; sourceTree = "<group>"; };
		201D219819C9265900B747CA /* Images.xcassets */ = {isa = PBXFileReference; lastKnownFileType = folder.assetcatalog; path = Images.xcassets; sourceTree = "<group>"; };
		201D219E19C9265900B747CA /* SimplePrints-DemoTests.xctest */ = {isa = PBXFileReference; explicitFileType = wrapper.cfbundle; includeInIndex = 0; path = "SimplePrints-DemoTests.xctest"; sourceTree = BUILT_PRODUCTS_DIR; };
		201D219F19C9265900B747CA /* XCTest.framework */ = {isa = PBXFileReference; lastKnownFileType = wrapper.framework; name = XCTest.framework; path = Library/Frameworks/XCTest.framework; sourceTree = DEVELOPER_DIR; };
		201D21A719C9265900B747CA /* SimplePrints-DemoTests-Info.plist */ = {isa = PBXFileReference; lastKnownFileType = text.plist.xml; path = "SimplePrints-DemoTests-Info.plist"; sourceTree = "<group>"; };
		201D21A919C9265900B747CA /* en */ = {isa = PBXFileReference; lastKnownFileType = text.plist.strings; name = en; path = en.lproj/InfoPlist.strings; sourceTree = "<group>"; };
		201D21AB19C9265900B747CA /* SimplePrints_DemoTests.m */ = {isa = PBXFileReference; lastKnownFileType = sourcecode.c.objc; path = SimplePrints_DemoTests.m; sourceTree = "<group>"; };
/* End PBXFileReference section */

/* Begin PBXFrameworksBuildPhase section */
		201D218019C9265800B747CA /* Frameworks */ = {
			isa = PBXFrameworksBuildPhase;
			buildActionMask = 2147483647;
			files = (
				201D218919C9265900B747CA /* CoreGraphics.framework in Frameworks */,
				201D218B19C9265900B747CA /* UIKit.framework in Frameworks */,
				201D218719C9265800B747CA /* Foundation.framework in Frameworks */,
			);
			runOnlyForDeploymentPostprocessing = 0;
		};
		201D219B19C9265900B747CA /* Frameworks */ = {
			isa = PBXFrameworksBuildPhase;
			buildActionMask = 2147483647;
			files = (
				201D21A019C9265900B747CA /* XCTest.framework in Frameworks */,
				201D21A219C9265900B747CA /* UIKit.framework in Frameworks */,
				201D21A119C9265900B747CA /* Foundation.framework in Frameworks */,
			);
			runOnlyForDeploymentPostprocessing = 0;
		};
/* End PBXFrameworksBuildPhase section */

/* Begin PBXGroup section */
		201D217A19C9265800B747CA = {
			isa = PBXGroup;
			children = (
				201D218C19C9265900B747CA /* SimplePrints-Demo */,
				201D21A519C9265900B747CA /* SimplePrints-DemoTests */,
				201D218519C9265800B747CA /* Frameworks */,
				201D218419C9265800B747CA /* Products */,
			);
			sourceTree = "<group>";
		};
		201D218419C9265800B747CA /* Products */ = {
			isa = PBXGroup;
			children = (
				201D218319C9265800B747CA /* SimplePrints-Demo.app */,
				201D219E19C9265900B747CA /* SimplePrints-DemoTests.xctest */,
			);
			name = Products;
			sourceTree = "<group>";
		};
		201D218519C9265800B747CA /* Frameworks */ = {
			isa = PBXGroup;
			children = (
				201D218619C9265800B747CA /* Foundation.framework */,
				201D218819C9265900B747CA /* CoreGraphics.framework */,
				201D218A19C9265900B747CA /* UIKit.framework */,
				201D219F19C9265900B747CA /* XCTest.framework */,
			);
			name = Frameworks;
			sourceTree = "<group>";
		};
		201D218C19C9265900B747CA /* SimplePrints-Demo */ = {
			isa = PBXGroup;
			children = (
				201D219519C9265900B747CA /* HUAppDelegate.h */,
				201D219619C9265900B747CA /* HUAppDelegate.m */,
				201D219819C9265900B747CA /* Images.xcassets */,
				201D218D19C9265900B747CA /* Supporting Files */,
			);
			path = "SimplePrints-Demo";
			sourceTree = "<group>";
		};
		201D218D19C9265900B747CA /* Supporting Files */ = {
			isa = PBXGroup;
			children = (
				201D218E19C9265900B747CA /* SimplePrints-Demo-Info.plist */,
				201D218F19C9265900B747CA /* InfoPlist.strings */,
				201D219219C9265900B747CA /* main.m */,
				201D219419C9265900B747CA /* SimplePrints-Demo-Prefix.pch */,
			);
			name = "Supporting Files";
			sourceTree = "<group>";
		};
		201D21A519C9265900B747CA /* SimplePrints-DemoTests */ = {
			isa = PBXGroup;
			children = (
				201D21AB19C9265900B747CA /* SimplePrints_DemoTests.m */,
				201D21A619C9265900B747CA /* Supporting Files */,
			);
			path = "SimplePrints-DemoTests";
			sourceTree = "<group>";
		};
		201D21A619C9265900B747CA /* Supporting Files */ = {
			isa = PBXGroup;
			children = (
				201D21A719C9265900B747CA /* SimplePrints-DemoTests-Info.plist */,
				201D21A819C9265900B747CA /* InfoPlist.strings */,
			);
			name = "Supporting Files";
			sourceTree = "<group>";
		};
/* End PBXGroup section */

/* Begin PBXNativeTarget section */
		201D218219C9265800B747CA /* SimplePrints-Demo */ = {
			isa = PBXNativeTarget;
			buildConfigurationList = 201D21AF19C9265900B747CA /* Build configuration list for PBXNativeTarget "SimplePrints-Demo" */;
			buildPhases = (
				201D217F19C9265800B747CA /* Sources */,
				201D218019C9265800B747CA /* Frameworks */,
				201D218119C9265800B747CA /* Resources */,
			);
			buildRules = (
			);
			dependencies = (
			);
			name = "SimplePrints-Demo";
			productName = "SimplePrints-Demo";
			productReference = 201D218319C9265800B747CA /* SimplePrints-Demo.app */;
			productType = "com.apple.product-type.application";
		};
		201D219D19C9265900B747CA /* SimplePrints-DemoTests */ = {
			isa = PBXNativeTarget;
			buildConfigurationList = 201D21B219C9265900B747CA /* Build configuration list for PBXNativeTarget "SimplePrints-DemoTests" */;
			buildPhases = (
				201D219A19C9265900B747CA /* Sources */,
				201D219B19C9265900B747CA /* Frameworks */,
				201D219C19C9265900B747CA /* Resources */,
			);
			buildRules = (
			);
			dependencies = (
				201D21A419C9265900B747CA /* PBXTargetDependency */,
			);
			name = "SimplePrints-DemoTests";
			productName = "SimplePrints-DemoTests";
			productReference = 201D219E19C9265900B747CA /* SimplePrints-DemoTests.xctest */;
			productType = "com.apple.product-type.bundle.unit-test";
		};
/* End PBXNativeTarget section */

/* Begin PBXProject section */
		201D217B19C9265800B747CA /* Project object */ = {
			isa = PBXProject;
			attributes = {
				CLASSPREFIX = HU;
				LastUpgradeCheck = 0510;
				ORGANIZATIONNAME = StoryTree;
				TargetAttributes = {
					201D219D19C9265900B747CA = {
						TestTargetID = 201D218219C9265800B747CA;
					};
				};
			};
			buildConfigurationList = 201D217E19C9265800B747CA /* Build configuration list for PBXProject "SimplePrints-Demo" */;
			compatibilityVersion = "Xcode 3.2";
			developmentRegion = English;
			hasScannedForEncodings = 0;
			knownRegions = (
				en,
			);
			mainGroup = 201D217A19C9265800B747CA;
			productRefGroup = 201D218419C9265800B747CA /* Products */;
			projectDirPath = "";
			projectRoot = "";
			targets = (
				201D218219C9265800B747CA /* SimplePrints-Demo */,
				201D219D19C9265900B747CA /* SimplePrints-DemoTests */,
			);
		};
/* End PBXProject section */

/* Begin PBXResourcesBuildPhase section */
		201D218119C9265800B747CA /* Resources */ = {
			isa = PBXResourcesBuildPhase;
			buildActionMask = 2147483647;
			files = (
				201D219119C9265900B747CA /* InfoPlist.strings in Resources */,
				201D219919C9265900B747CA /* Images.xcassets in Resources */,
			);
			runOnlyForDeploymentPostprocessing = 0;
		};
		201D219C19C9265900B747CA /* Resources */ = {
			isa = PBXResourcesBuildPhase;
			buildActionMask = 2147483647;
			files = (
				201D21AA19C9265900B747CA /* InfoPlist.strings in Resources */,
			);
			runOnlyForDeploymentPostprocessing = 0;
		};
/* End PBXResourcesBuildPhase section */

/* Begin PBXSourcesBuildPhase section */
		201D217F19C9265800B747CA /* Sources */ = {
			isa = PBXSourcesBuildPhase;
			buildActionMask = 2147483647;
			files = (
				201D219319C9265900B747CA /* main.m in Sources */,
				201D219719C9265900B747CA /* HUAppDelegate.m in Sources */,
			);
			runOnlyForDeploymentPostprocessing = 0;
		};
		201D219A19C9265900B747CA /* Sources */ = {
			isa = PBXSourcesBuildPhase;
			buildActionMask = 2147483647;
			files = (
				201D21AC19C9265900B747CA /* SimplePrints_DemoTests.m in Sources */,
			);
			runOnlyForDeploymentPostprocessing = 0;
		};
/* End PBXSourcesBuildPhase section */

/* Begin PBXTargetDependency section */
		201D21A419C9265900B747CA /* PBXTargetDependency */ = {
			isa = PBXTargetDependency;
			target = 201D218219C9265800B747CA /* SimplePrints-Demo */;
			targetProxy = 201D21A319C9265900B747CA /* PBXContainerItemProxy */;
		};
/* End PBXTargetDependency section */

/* Begin PBXVariantGroup section */
		201D218F19C9265900B747CA /* InfoPlist.strings */ = {
			isa = PBXVariantGroup;
			children = (
				201D219019C9265900B747CA /* en */,
			);
			name = InfoPlist.strings;
			sourceTree = "<group>";
		};
		201D21A819C9265900B747CA /* InfoPlist.strings */ = {
			isa = PBXVariantGroup;
			children = (
				201D21A919C9265900B747CA /* en */,
			);
			name = InfoPlist.strings;
			sourceTree = "<group>";
		};
/* End PBXVariantGroup section */

/* Begin XCBuildConfiguration section */
		201D21AD19C9265900B747CA /* Debug */ = {
			isa = XCBuildConfiguration;
			buildSettings = {
				ALWAYS_SEARCH_USER_PATHS = NO;
				CLANG_CXX_LANGUAGE_STANDARD = "gnu++0x";
				CLANG_CXX_LIBRARY = "libc++";
				CLANG_ENABLE_MODULES = YES;
				CLANG_ENABLE_OBJC_ARC = YES;
				CLANG_WARN_BOOL_CONVERSION = YES;
				CLANG_WARN_CONSTANT_CONVERSION = YES;
				CLANG_WARN_DIRECT_OBJC_ISA_USAGE = YES_ERROR;
				CLANG_WARN_EMPTY_BODY = YES;
				CLANG_WARN_ENUM_CONVERSION = YES;
				CLANG_WARN_INT_CONVERSION = YES;
				CLANG_WARN_OBJC_ROOT_CLASS = YES_ERROR;
				CLANG_WARN__DUPLICATE_METHOD_MATCH = YES;
				"CODE_SIGN_IDENTITY[sdk=iphoneos*]" = "iPhone Developer";
				COPY_PHASE_STRIP = NO;
				GCC_C_LANGUAGE_STANDARD = gnu99;
				GCC_DYNAMIC_NO_PIC = NO;
				GCC_OPTIMIZATION_LEVEL = 0;
				GCC_PREPROCESSOR_DEFINITIONS = (
					"DEBUG=1",
					"$(inherited)",
				);
				GCC_SYMBOLS_PRIVATE_EXTERN = NO;
				GCC_WARN_64_TO_32_BIT_CONVERSION = YES;
				GCC_WARN_ABOUT_RETURN_TYPE = YES_ERROR;
				GCC_WARN_UNDECLARED_SELECTOR = YES;
				GCC_WARN_UNINITIALIZED_AUTOS = YES_AGGRESSIVE;
				GCC_WARN_UNUSED_FUNCTION = YES;
				GCC_WARN_UNUSED_VARIABLE = YES;
				IPHONEOS_DEPLOYMENT_TARGET = 7.1;
				ONLY_ACTIVE_ARCH = YES;
				SDKROOT = iphoneos;
			};
			name = Debug;
		};
		201D21AE19C9265900B747CA /* Release */ = {
			isa = XCBuildConfiguration;
			buildSettings = {
				ALWAYS_SEARCH_USER_PATHS = NO;
				CLANG_CXX_LANGUAGE_STANDARD = "gnu++0x";
				CLANG_CXX_LIBRARY = "libc++";
				CLANG_ENABLE_MODULES = YES;
				CLANG_ENABLE_OBJC_ARC = YES;
				CLANG_WARN_BOOL_CONVERSION = YES;
				CLANG_WARN_CONSTANT_CONVERSION = YES;
				CLANG_WARN_DIRECT_OBJC_ISA_USAGE = YES_ERROR;
				CLANG_WARN_EMPTY_BODY = YES;
				CLANG_WARN_ENUM_CONVERSION = YES;
				CLANG_WARN_INT_CONVERSION = YES;
				CLANG_WARN_OBJC_ROOT_CLASS = YES_ERROR;
				CLANG_WARN__DUPLICATE_METHOD_MATCH = YES;
				"CODE_SIGN_IDENTITY[sdk=iphoneos*]" = "iPhone Developer";
				COPY_PHASE_STRIP = YES;
				ENABLE_NS_ASSERTIONS = NO;
				GCC_C_LANGUAGE_STANDARD = gnu99;
				GCC_WARN_64_TO_32_BIT_CONVERSION = YES;
				GCC_WARN_ABOUT_RETURN_TYPE = YES_ERROR;
				GCC_WARN_UNDECLARED_SELECTOR = YES;
				GCC_WARN_UNINITIALIZED_AUTOS = YES_AGGRESSIVE;
				GCC_WARN_UNUSED_FUNCTION = YES;
				GCC_WARN_UNUSED_VARIABLE = YES;
				IPHONEOS_DEPLOYMENT_TARGET = 7.1;
				SDKROOT = iphoneos;
				VALIDATE_PRODUCT = YES;
			};
			name = Release;
		};
		201D21B019C9265900B747CA /* Debug */ = {
			isa = XCBuildConfiguration;
			buildSettings = {
				ASSETCATALOG_COMPILER_APPICON_NAME = AppIcon;
				ASSETCATALOG_COMPILER_LAUNCHIMAGE_NAME = LaunchImage;
				GCC_PRECOMPILE_PREFIX_HEADER = YES;
				GCC_PREFIX_HEADER = "SimplePrints-Demo/SimplePrints-Demo-Prefix.pch";
				INFOPLIST_FILE = "SimplePrints-Demo/SimplePrints-Demo-Info.plist";
				PRODUCT_NAME = "$(TARGET_NAME)";
				WRAPPER_EXTENSION = app;
			};
			name = Debug;
		};
		201D21B119C9265900B747CA /* Release */ = {
			isa = XCBuildConfiguration;
			buildSettings = {
				ASSETCATALOG_COMPILER_APPICON_NAME = AppIcon;
				ASSETCATALOG_COMPILER_LAUNCHIMAGE_NAME = LaunchImage;
				GCC_PRECOMPILE_PREFIX_HEADER = YES;
				GCC_PREFIX_HEADER = "SimplePrints-Demo/SimplePrints-Demo-Prefix.pch";
				INFOPLIST_FILE = "SimplePrints-Demo/SimplePrints-Demo-Info.plist";
				PRODUCT_NAME = "$(TARGET_NAME)";
				WRAPPER_EXTENSION = app;
			};
			name = Release;
		};
		201D21B319C9265900B747CA /* Debug */ = {
			isa = XCBuildConfiguration;
			buildSettings = {
				BUNDLE_LOADER = "$(BUILT_PRODUCTS_DIR)/SimplePrints-Demo.app/SimplePrints-Demo";
				FRAMEWORK_SEARCH_PATHS = (
					"$(SDKROOT)/Developer/Library/Frameworks",
					"$(inherited)",
					"$(DEVELOPER_FRAMEWORKS_DIR)",
				);
				GCC_PRECOMPILE_PREFIX_HEADER = YES;
				GCC_PREFIX_HEADER = "SimplePrints-Demo/SimplePrints-Demo-Prefix.pch";
				GCC_PREPROCESSOR_DEFINITIONS = (
					"DEBUG=1",
					"$(inherited)",
				);
				INFOPLIST_FILE = "SimplePrints-DemoTests/SimplePrints-DemoTests-Info.plist";
				PRODUCT_NAME = "$(TARGET_NAME)";
				TEST_HOST = "$(BUNDLE_LOADER)";
				WRAPPER_EXTENSION = xctest;
			};
			name = Debug;
		};
		201D21B419C9265900B747CA /* Release */ = {
			isa = XCBuildConfiguration;
			buildSettings = {
				BUNDLE_LOADER = "$(BUILT_PRODUCTS_DIR)/SimplePrints-Demo.app/SimplePrints-Demo";
				FRAMEWORK_SEARCH_PATHS = (
					"$(SDKROOT)/Developer/Library/Frameworks",
					"$(inherited)",
					"$(DEVELOPER_FRAMEWORKS_DIR)",
				);
				GCC_PRECOMPILE_PREFIX_HEADER = YES;
				GCC_PREFIX_HEADER = "SimplePrints-Demo/SimplePrints-Demo-Prefix.pch";
				INFOPLIST_FILE = "SimplePrints-DemoTests/SimplePrints-DemoTests-Info.plist";
				PRODUCT_NAME = "$(TARGET_NAME)";
				TEST_HOST = "$(BUNDLE_LOADER)";
				WRAPPER_EXTENSION = xctest;
			};
			name = Release;
		};
/* End XCBuildConfiguration section */

/* Begin XCConfigurationList section */
		201D217E19C9265800B747CA /* Build configuration list for PBXProject "SimplePrints-Demo" */ = {
			isa = XCConfigurationList;
			buildConfigurations = (
				201D21AD19C9265900B747CA /* Debug */,
				201D21AE19C9265900B747CA /* Release */,
			);
			defaultConfigurationIsVisible = 0;
			defaultConfigurationName = Release;
		};
		201D21AF19C9265900B747CA /* Build configuration list for PBXNativeTarget "SimplePrints-Demo" */ = {
			isa = XCConfigurationList;
			buildConfigurations = (
				201D21B019C9265900B747CA /* Debug */,
				201D21B119C9265900B747CA /* Release */,
			);
			defaultConfigurationIsVisible = 0;
		};
		201D21B219C9265900B747CA /* Build configuration list for PBXNativeTarget "SimplePrints-DemoTests" */ = {
			isa = XCConfigurationList;
			buildConfigurations = (
				201D21B319C9265900B747CA /* Debug */,
				201D21B419C9265900B747CA /* Release */,
			);
			defaultConfigurationIsVisible = 0;
		};
/* End XCConfigurationList section */
	};
	rootObject = 201D217B19C9265800B747CA /* Project object */;
}
